// !$*UTF8*$!
{
	archiveVersion = 1;
	classes = {
	};
	objectVersion = 45;
	objects = {

/* Begin PBXBuildFile section */
		1D3623260D0F684500981E51 /* RemoteHDAppDelegate.m in Sources */ = {isa = PBXBuildFile; fileRef = 1D3623250D0F684500981E51 /* RemoteHDAppDelegate.m */; };
		1D60589B0D05DD56006BFB54 /* main.m in Sources */ = {isa = PBXBuildFile; fileRef = 29B97316FDCFA39411CA2CEA /* main.m */; };
		1D60589F0D05DD5A006BFB54 /* Foundation.framework in Frameworks */ = {isa = PBXBuildFile; fileRef = 1D30AB110D05D00D00671497 /* Foundation.framework */; };
		1DF5F4E00D08C38300B7A737 /* UIKit.framework in Frameworks */ = {isa = PBXBuildFile; fileRef = 1DF5F4DF0D08C38300B7A737 /* UIKit.framework */; };
		288765A50DF7441C002DB57D /* CoreGraphics.framework in Frameworks */ = {isa = PBXBuildFile; fileRef = 288765A40DF7441C002DB57D /* CoreGraphics.framework */; };
		2899E5220DE3E06400AC0155 /* RemoteHDViewController.xib in Resources */ = {isa = PBXBuildFile; fileRef = 2899E5210DE3E06400AC0155 /* RemoteHDViewController.xib */; };
		28AD733F0D9D9553002E5188 /* MainWindow.xib in Resources */ = {isa = PBXBuildFile; fileRef = 28AD733E0D9D9553002E5188 /* MainWindow.xib */; };
		28D7ACF80DDB3853001CB0EB /* RemoteHDViewController.m in Sources */ = {isa = PBXBuildFile; fileRef = 28D7ACF70DDB3853001CB0EB /* RemoteHDViewController.m */; };
		6B008C7211B31194008E2012 /* AsyncImageView.m in Sources */ = {isa = PBXBuildFile; fileRef = 6B008C7111B31194008E2012 /* AsyncImageView.m */; };
		6B35D53511A71E6D00BC846C /* URLParser.m in Sources */ = {isa = PBXBuildFile; fileRef = 6B35D53411A71E6D00BC846C /* URLParser.m */; };
		6B35D77A11A7BACE00BC846C /* Library.m in Sources */ = {isa = PBXBuildFile; fileRef = 6B35D77911A7BACE00BC846C /* Library.m */; };
		6B35D91911A8932100BC846C /* DAAPResponseaply.m in Sources */ = {isa = PBXBuildFile; fileRef = 6B35D91811A8932100BC846C /* DAAPResponseaply.m */; };
		6B35D9C311A89A0600BC846C /* DAAPResponseabro.m in Sources */ = {isa = PBXBuildFile; fileRef = 6B35D9C211A89A0600BC846C /* DAAPResponseabro.m */; };
		6B35D9D411A89A6D00BC846C /* DAAPResponseabar.m in Sources */ = {isa = PBXBuildFile; fileRef = 6B35D9D311A89A6D00BC846C /* DAAPResponseabar.m */; };
		6B43AD9711A95C8500DBD74E /* PreferencesManager.m in Sources */ = {isa = PBXBuildFile; fileRef = 6B43AD9611A95C8500DBD74E /* PreferencesManager.m */; };
		6B75F7B111A4063300B9D841 /* MasterViewController.m in Sources */ = {isa = PBXBuildFile; fileRef = 6B75F7B011A4063300B9D841 /* MasterViewController.m */; };
		6B75F7B411A406B500B9D841 /* DetailViewController.m in Sources */ = {isa = PBXBuildFile; fileRef = 6B75F7B311A406B500B9D841 /* DetailViewController.m */; };
		6B75F82411A4094100B9D841 /* AsyncSocket.m in Sources */ = {isa = PBXBuildFile; fileRef = 6B75F7F611A4094100B9D841 /* AsyncSocket.m */; };
		6B75F82511A4094100B9D841 /* DAAPRequestReply.m in Sources */ = {isa = PBXBuildFile; fileRef = 6B75F7F811A4094100B9D841 /* DAAPRequestReply.m */; };
		6B75F82611A4094100B9D841 /* DAAPResponse.m in Sources */ = {isa = PBXBuildFile; fileRef = 6B75F7FA11A4094100B9D841 /* DAAPResponse.m */; };
		6B75F82711A4094100B9D841 /* DAAPResponseavdb.m in Sources */ = {isa = PBXBuildFile; fileRef = 6B75F7FC11A4094100B9D841 /* DAAPResponseavdb.m */; };
		6B75F82811A4094100B9D841 /* DAAPResponsecasp.m in Sources */ = {isa = PBXBuildFile; fileRef = 6B75F7FE11A4094100B9D841 /* DAAPResponsecasp.m */; };
		6B75F82911A4094100B9D841 /* DAAPResponsecmst.m in Sources */ = {isa = PBXBuildFile; fileRef = 6B75F80011A4094100B9D841 /* DAAPResponsecmst.m */; };
		6B75F82A11A4094100B9D841 /* DAAPResponsemdcl.m in Sources */ = {isa = PBXBuildFile; fileRef = 6B75F80311A4094100B9D841 /* DAAPResponsemdcl.m */; };
		6B75F82B11A4094100B9D841 /* DAAPResponsemlcl.m in Sources */ = {isa = PBXBuildFile; fileRef = 6B75F80511A4094100B9D841 /* DAAPResponsemlcl.m */; };
		6B75F82C11A4094100B9D841 /* DAAPResponsemlid.m in Sources */ = {isa = PBXBuildFile; fileRef = 6B75F80711A4094100B9D841 /* DAAPResponsemlid.m */; };
		6B75F82D11A4094100B9D841 /* DAAPResponsemlit.m in Sources */ = {isa = PBXBuildFile; fileRef = 6B75F80911A4094100B9D841 /* DAAPResponsemlit.m */; };
		6B75F82E11A4094100B9D841 /* DAAPResponsemlog.m in Sources */ = {isa = PBXBuildFile; fileRef = 6B75F80B11A4094100B9D841 /* DAAPResponsemlog.m */; };
		6B75F82F11A4094100B9D841 /* DAAPResponsemsrv.m in Sources */ = {isa = PBXBuildFile; fileRef = 6B75F80D11A4094100B9D841 /* DAAPResponsemsrv.m */; };
		6B75F83011A4094100B9D841 /* DDData.m in Sources */ = {isa = PBXBuildFile; fileRef = 6B75F80F11A4094100B9D841 /* DDData.m */; };
		6B75F83111A4094100B9D841 /* DDNumber.m in Sources */ = {isa = PBXBuildFile; fileRef = 6B75F81111A4094100B9D841 /* DDNumber.m */; };
		6B75F83211A4094100B9D841 /* DDRange.m in Sources */ = {isa = PBXBuildFile; fileRef = 6B75F81311A4094100B9D841 /* DDRange.m */; };
		6B75F83411A4094100B9D841 /* HexDumpUtility.m in Sources */ = {isa = PBXBuildFile; fileRef = 6B75F81711A4094100B9D841 /* HexDumpUtility.m */; };
		6B75F83511A4094100B9D841 /* HTTPAuthenticationRequest.m in Sources */ = {isa = PBXBuildFile; fileRef = 6B75F81911A4094100B9D841 /* HTTPAuthenticationRequest.m */; };
		6B75F83611A4094100B9D841 /* HTTPConnection.m in Sources */ = {isa = PBXBuildFile; fileRef = 6B75F81B11A4094100B9D841 /* HTTPConnection.m */; };
		6B75F83711A4094100B9D841 /* HTTPResponse.m in Sources */ = {isa = PBXBuildFile; fileRef = 6B75F81D11A4094100B9D841 /* HTTPResponse.m */; };
		6B75F83811A4094100B9D841 /* HTTPServer.m in Sources */ = {isa = PBXBuildFile; fileRef = 6B75F81F11A4094100B9D841 /* HTTPServer.m */; };
		6B75F83911A4094100B9D841 /* MyHTTPConnection.m in Sources */ = {isa = PBXBuildFile; fileRef = 6B75F82111A4094100B9D841 /* MyHTTPConnection.m */; };
		6B75F83A11A4094100B9D841 /* RemoteSpeaker.m in Sources */ = {isa = PBXBuildFile; fileRef = 6B75F82311A4094100B9D841 /* RemoteSpeaker.m */; };
		6B75F84911A40B1A00B9D841 /* CFNetwork.framework in Frameworks */ = {isa = PBXBuildFile; fileRef = 6B75F84811A40B1A00B9D841 /* CFNetwork.framework */; };
		6B75F8CA11A411B100B9D841 /* icon.png in Resources */ = {isa = PBXBuildFile; fileRef = 6B75F8C911A411B100B9D841 /* icon.png */; };
		6B7D940611A998C7002465AA /* SessionManager.m in Sources */ = {isa = PBXBuildFile; fileRef = 6B7D940511A998C7002465AA /* SessionManager.m */; };
		6B7D954111A9D2A0002465AA /* DAAPResponseadbs.m in Sources */ = {isa = PBXBuildFile; fileRef = 6B7D954011A9D2A0002465AA /* DAAPResponseadbs.m */; };
		6BA2F9FB11A4E63B00427C2F /* LibrariesViewController.m in Sources */ = {isa = PBXBuildFile; fileRef = 6BA2F9F911A4E63B00427C2F /* LibrariesViewController.m */; };
		6BA2F9FC11A4E63B00427C2F /* LibrariesViewController.xib in Resources */ = {isa = PBXBuildFile; fileRef = 6BA2F9FA11A4E63B00427C2F /* LibrariesViewController.xib */; };
		6BA2FAED11A513CF00427C2F /* PinCodeController.m in Sources */ = {isa = PBXBuildFile; fileRef = 6BA2FAEB11A513CF00427C2F /* PinCodeController.m */; };
		6BA2FAEE11A513CF00427C2F /* PinCodeController.xib in Resources */ = {isa = PBXBuildFile; fileRef = 6BA2FAEC11A513CF00427C2F /* PinCodeController.xib */; };
		6BCDA5AA11B7A19800A3ED01 /* DAAPResponsemupd.m in Sources */ = {isa = PBXBuildFile; fileRef = 6BCDA5A911B7A19800A3ED01 /* DAAPResponsemupd.m */; };
		6BCDA63111B7B84A00A3ED01 /* DAAPResponsecmgt.m in Sources */ = {isa = PBXBuildFile; fileRef = 6BCDA63011B7B84A00A3ED01 /* DAAPResponsecmgt.m */; };
		6BE275F111AB948600F1F600 /* FDServer.m in Sources */ = {isa = PBXBuildFile; fileRef = 6BE275F011AB948600F1F600 /* FDServer.m */; };
		6BE2765C11ABA40100F1F600 /* DAAPResponsemccr.m in Sources */ = {isa = PBXBuildFile; fileRef = 6BE2765B11ABA40100F1F600 /* DAAPResponsemccr.m */; };
		6BEA820911ABD04500426E9E /* DAAPResponseapso.m in Sources */ = {isa = PBXBuildFile; fileRef = 6BEA820811ABD04500426E9E /* DAAPResponseapso.m */; };
/* End PBXBuildFile section */

/* Begin PBXFileReference section */
		1D30AB110D05D00D00671497 /* Foundation.framework */ = {isa = PBXFileReference; lastKnownFileType = wrapper.framework; name = Foundation.framework; path = System/Library/Frameworks/Foundation.framework; sourceTree = SDKROOT; };
		1D3623240D0F684500981E51 /* RemoteHDAppDelegate.h */ = {isa = PBXFileReference; fileEncoding = 4; lastKnownFileType = sourcecode.c.h; path = RemoteHDAppDelegate.h; sourceTree = "<group>"; };
		1D3623250D0F684500981E51 /* RemoteHDAppDelegate.m */ = {isa = PBXFileReference; fileEncoding = 4; lastKnownFileType = sourcecode.c.objc; path = RemoteHDAppDelegate.m; sourceTree = "<group>"; };
		1D6058910D05DD3D006BFB54 /* RemoteHD.app */ = {isa = PBXFileReference; explicitFileType = wrapper.application; includeInIndex = 0; path = RemoteHD.app; sourceTree = BUILT_PRODUCTS_DIR; };
		1DF5F4DF0D08C38300B7A737 /* UIKit.framework */ = {isa = PBXFileReference; lastKnownFileType = wrapper.framework; name = UIKit.framework; path = System/Library/Frameworks/UIKit.framework; sourceTree = SDKROOT; };
		288765A40DF7441C002DB57D /* CoreGraphics.framework */ = {isa = PBXFileReference; lastKnownFileType = wrapper.framework; name = CoreGraphics.framework; path = System/Library/Frameworks/CoreGraphics.framework; sourceTree = SDKROOT; };
		2899E5210DE3E06400AC0155 /* RemoteHDViewController.xib */ = {isa = PBXFileReference; lastKnownFileType = file.xib; path = RemoteHDViewController.xib; sourceTree = "<group>"; };
		28AD733E0D9D9553002E5188 /* MainWindow.xib */ = {isa = PBXFileReference; lastKnownFileType = file.xib; path = MainWindow.xib; sourceTree = "<group>"; };
		28D7ACF60DDB3853001CB0EB /* RemoteHDViewController.h */ = {isa = PBXFileReference; fileEncoding = 4; lastKnownFileType = sourcecode.c.h; path = RemoteHDViewController.h; sourceTree = "<group>"; };
		28D7ACF70DDB3853001CB0EB /* RemoteHDViewController.m */ = {isa = PBXFileReference; fileEncoding = 4; lastKnownFileType = sourcecode.c.objc; path = RemoteHDViewController.m; sourceTree = "<group>"; };
		29B97316FDCFA39411CA2CEA /* main.m */ = {isa = PBXFileReference; fileEncoding = 4; lastKnownFileType = sourcecode.c.objc; path = main.m; sourceTree = "<group>"; };
		32CA4F630368D1EE00C91783 /* RemoteHD_Prefix.pch */ = {isa = PBXFileReference; fileEncoding = 4; lastKnownFileType = sourcecode.c.h; path = RemoteHD_Prefix.pch; sourceTree = "<group>"; };
		6B008C7011B31194008E2012 /* AsyncImageView.h */ = {isa = PBXFileReference; fileEncoding = 4; lastKnownFileType = sourcecode.c.h; path = AsyncImageView.h; sourceTree = "<group>"; };
		6B008C7111B31194008E2012 /* AsyncImageView.m */ = {isa = PBXFileReference; fileEncoding = 4; lastKnownFileType = sourcecode.c.objc; path = AsyncImageView.m; sourceTree = "<group>"; };
		6B35D53311A71E6D00BC846C /* URLParser.h */ = {isa = PBXFileReference; fileEncoding = 4; lastKnownFileType = sourcecode.c.h; path = URLParser.h; sourceTree = "<group>"; };
		6B35D53411A71E6D00BC846C /* URLParser.m */ = {isa = PBXFileReference; fileEncoding = 4; lastKnownFileType = sourcecode.c.objc; path = URLParser.m; sourceTree = "<group>"; };
		6B35D77811A7BACE00BC846C /* Library.h */ = {isa = PBXFileReference; fileEncoding = 4; lastKnownFileType = sourcecode.c.h; path = Library.h; sourceTree = "<group>"; };
		6B35D77911A7BACE00BC846C /* Library.m */ = {isa = PBXFileReference; fileEncoding = 4; lastKnownFileType = sourcecode.c.objc; path = Library.m; sourceTree = "<group>"; };
		6B35D91711A8932100BC846C /* DAAPResponseaply.h */ = {isa = PBXFileReference; fileEncoding = 4; lastKnownFileType = sourcecode.c.h; path = DAAPResponseaply.h; sourceTree = "<group>"; };
		6B35D91811A8932100BC846C /* DAAPResponseaply.m */ = {isa = PBXFileReference; fileEncoding = 4; lastKnownFileType = sourcecode.c.objc; path = DAAPResponseaply.m; sourceTree = "<group>"; };
		6B35D9C111A89A0600BC846C /* DAAPResponseabro.h */ = {isa = PBXFileReference; fileEncoding = 4; lastKnownFileType = sourcecode.c.h; path = DAAPResponseabro.h; sourceTree = "<group>"; };
		6B35D9C211A89A0600BC846C /* DAAPResponseabro.m */ = {isa = PBXFileReference; fileEncoding = 4; lastKnownFileType = sourcecode.c.objc; path = DAAPResponseabro.m; sourceTree = "<group>"; };
		6B35D9D211A89A6D00BC846C /* DAAPResponseabar.h */ = {isa = PBXFileReference; fileEncoding = 4; lastKnownFileType = sourcecode.c.h; path = DAAPResponseabar.h; sourceTree = "<group>"; };
		6B35D9D311A89A6D00BC846C /* DAAPResponseabar.m */ = {isa = PBXFileReference; fileEncoding = 4; lastKnownFileType = sourcecode.c.objc; path = DAAPResponseabar.m; sourceTree = "<group>"; };
		6B43AD9411A95C6C00DBD74E /* SynthesizeSingleton.h */ = {isa = PBXFileReference; fileEncoding = 4; lastKnownFileType = sourcecode.c.h; path = SynthesizeSingleton.h; sourceTree = "<group>"; };
		6B43AD9511A95C8500DBD74E /* PreferencesManager.h */ = {isa = PBXFileReference; fileEncoding = 4; lastKnownFileType = sourcecode.c.h; path = PreferencesManager.h; sourceTree = "<group>"; };
		6B43AD9611A95C8500DBD74E /* PreferencesManager.m */ = {isa = PBXFileReference; fileEncoding = 4; lastKnownFileType = sourcecode.c.objc; path = PreferencesManager.m; sourceTree = "<group>"; };
		6B75F7AF11A4063300B9D841 /* MasterViewController.h */ = {isa = PBXFileReference; fileEncoding = 4; lastKnownFileType = sourcecode.c.h; path = MasterViewController.h; sourceTree = "<group>"; };
		6B75F7B011A4063300B9D841 /* MasterViewController.m */ = {isa = PBXFileReference; fileEncoding = 4; lastKnownFileType = sourcecode.c.objc; path = MasterViewController.m; sourceTree = "<group>"; };
		6B75F7B211A406B500B9D841 /* DetailViewController.h */ = {isa = PBXFileReference; fileEncoding = 4; lastKnownFileType = sourcecode.c.h; path = DetailViewController.h; sourceTree = "<group>"; };
		6B75F7B311A406B500B9D841 /* DetailViewController.m */ = {isa = PBXFileReference; fileEncoding = 4; lastKnownFileType = sourcecode.c.objc; path = DetailViewController.m; sourceTree = "<group>"; };
		6B75F7F511A4094100B9D841 /* AsyncSocket.h */ = {isa = PBXFileReference; fileEncoding = 4; lastKnownFileType = sourcecode.c.h; path = AsyncSocket.h; sourceTree = "<group>"; };
		6B75F7F611A4094100B9D841 /* AsyncSocket.m */ = {isa = PBXFileReference; fileEncoding = 4; lastKnownFileType = sourcecode.c.objc; path = AsyncSocket.m; sourceTree = "<group>"; };
		6B75F7F711A4094100B9D841 /* DAAPRequestReply.h */ = {isa = PBXFileReference; fileEncoding = 4; lastKnownFileType = sourcecode.c.h; path = DAAPRequestReply.h; sourceTree = "<group>"; };
		6B75F7F811A4094100B9D841 /* DAAPRequestReply.m */ = {isa = PBXFileReference; fileEncoding = 4; lastKnownFileType = sourcecode.c.objc; path = DAAPRequestReply.m; sourceTree = "<group>"; };
		6B75F7F911A4094100B9D841 /* DAAPResponse.h */ = {isa = PBXFileReference; fileEncoding = 4; lastKnownFileType = sourcecode.c.h; path = DAAPResponse.h; sourceTree = "<group>"; };
		6B75F7FA11A4094100B9D841 /* DAAPResponse.m */ = {isa = PBXFileReference; fileEncoding = 4; lastKnownFileType = sourcecode.c.objc; path = DAAPResponse.m; sourceTree = "<group>"; };
		6B75F7FB11A4094100B9D841 /* DAAPResponseavdb.h */ = {isa = PBXFileReference; fileEncoding = 4; lastKnownFileType = sourcecode.c.h; path = DAAPResponseavdb.h; sourceTree = "<group>"; };
		6B75F7FC11A4094100B9D841 /* DAAPResponseavdb.m */ = {isa = PBXFileReference; fileEncoding = 4; lastKnownFileType = sourcecode.c.objc; path = DAAPResponseavdb.m; sourceTree = "<group>"; };
		6B75F7FD11A4094100B9D841 /* DAAPResponsecasp.h */ = {isa = PBXFileReference; fileEncoding = 4; lastKnownFileType = sourcecode.c.h; path = DAAPResponsecasp.h; sourceTree = "<group>"; };
		6B75F7FE11A4094100B9D841 /* DAAPResponsecasp.m */ = {isa = PBXFileReference; fileEncoding = 4; lastKnownFileType = sourcecode.c.objc; path = DAAPResponsecasp.m; sourceTree = "<group>"; };
		6B75F7FF11A4094100B9D841 /* DAAPResponsecmst.h */ = {isa = PBXFileReference; fileEncoding = 4; lastKnownFileType = sourcecode.c.h; path = DAAPResponsecmst.h; sourceTree = "<group>"; };
		6B75F80011A4094100B9D841 /* DAAPResponsecmst.m */ = {isa = PBXFileReference; fileEncoding = 4; lastKnownFileType = sourcecode.c.objc; path = DAAPResponsecmst.m; sourceTree = "<group>"; };
		6B75F80111A4094100B9D841 /* DAAPResponseDelegate.h */ = {isa = PBXFileReference; fileEncoding = 4; lastKnownFileType = sourcecode.c.h; path = DAAPResponseDelegate.h; sourceTree = "<group>"; };
		6B75F80211A4094100B9D841 /* DAAPResponsemdcl.h */ = {isa = PBXFileReference; fileEncoding = 4; lastKnownFileType = sourcecode.c.h; path = DAAPResponsemdcl.h; sourceTree = "<group>"; };
		6B75F80311A4094100B9D841 /* DAAPResponsemdcl.m */ = {isa = PBXFileReference; fileEncoding = 4; lastKnownFileType = sourcecode.c.objc; path = DAAPResponsemdcl.m; sourceTree = "<group>"; };
		6B75F80411A4094100B9D841 /* DAAPResponsemlcl.h */ = {isa = PBXFileReference; fileEncoding = 4; lastKnownFileType = sourcecode.c.h; path = DAAPResponsemlcl.h; sourceTree = "<group>"; };
		6B75F80511A4094100B9D841 /* DAAPResponsemlcl.m */ = {isa = PBXFileReference; fileEncoding = 4; lastKnownFileType = sourcecode.c.objc; path = DAAPResponsemlcl.m; sourceTree = "<group>"; };
		6B75F80611A4094100B9D841 /* DAAPResponsemlid.h */ = {isa = PBXFileReference; fileEncoding = 4; lastKnownFileType = sourcecode.c.h; path = DAAPResponsemlid.h; sourceTree = "<group>"; };
		6B75F80711A4094100B9D841 /* DAAPResponsemlid.m */ = {isa = PBXFileReference; fileEncoding = 4; lastKnownFileType = sourcecode.c.objc; path = DAAPResponsemlid.m; sourceTree = "<group>"; };
		6B75F80811A4094100B9D841 /* DAAPResponsemlit.h */ = {isa = PBXFileReference; fileEncoding = 4; lastKnownFileType = sourcecode.c.h; path = DAAPResponsemlit.h; sourceTree = "<group>"; };
		6B75F80911A4094100B9D841 /* DAAPResponsemlit.m */ = {isa = PBXFileReference; fileEncoding = 4; lastKnownFileType = sourcecode.c.objc; path = DAAPResponsemlit.m; sourceTree = "<group>"; };
		6B75F80A11A4094100B9D841 /* DAAPResponsemlog.h */ = {isa = PBXFileReference; fileEncoding = 4; lastKnownFileType = sourcecode.c.h; path = DAAPResponsemlog.h; sourceTree = "<group>"; };
		6B75F80B11A4094100B9D841 /* DAAPResponsemlog.m */ = {isa = PBXFileReference; fileEncoding = 4; lastKnownFileType = sourcecode.c.objc; path = DAAPResponsemlog.m; sourceTree = "<group>"; };
		6B75F80C11A4094100B9D841 /* DAAPResponsemsrv.h */ = {isa = PBXFileReference; fileEncoding = 4; lastKnownFileType = sourcecode.c.h; path = DAAPResponsemsrv.h; sourceTree = "<group>"; };
		6B75F80D11A4094100B9D841 /* DAAPResponsemsrv.m */ = {isa = PBXFileReference; fileEncoding = 4; lastKnownFileType = sourcecode.c.objc; path = DAAPResponsemsrv.m; sourceTree = "<group>"; };
		6B75F80E11A4094100B9D841 /* DDData.h */ = {isa = PBXFileReference; fileEncoding = 4; lastKnownFileType = sourcecode.c.h; path = DDData.h; sourceTree = "<group>"; };
		6B75F80F11A4094100B9D841 /* DDData.m */ = {isa = PBXFileReference; fileEncoding = 4; lastKnownFileType = sourcecode.c.objc; path = DDData.m; sourceTree = "<group>"; };
		6B75F81011A4094100B9D841 /* DDNumber.h */ = {isa = PBXFileReference; fileEncoding = 4; lastKnownFileType = sourcecode.c.h; path = DDNumber.h; sourceTree = "<group>"; };
		6B75F81111A4094100B9D841 /* DDNumber.m */ = {isa = PBXFileReference; fileEncoding = 4; lastKnownFileType = sourcecode.c.objc; path = DDNumber.m; sourceTree = "<group>"; };
		6B75F81211A4094100B9D841 /* DDRange.h */ = {isa = PBXFileReference; fileEncoding = 4; lastKnownFileType = sourcecode.c.h; path = DDRange.h; sourceTree = "<group>"; };
		6B75F81311A4094100B9D841 /* DDRange.m */ = {isa = PBXFileReference; fileEncoding = 4; lastKnownFileType = sourcecode.c.objc; path = DDRange.m; sourceTree = "<group>"; };
		6B75F81611A4094100B9D841 /* HexDumpUtility.h */ = {isa = PBXFileReference; fileEncoding = 4; lastKnownFileType = sourcecode.c.h; path = HexDumpUtility.h; sourceTree = "<group>"; };
		6B75F81711A4094100B9D841 /* HexDumpUtility.m */ = {isa = PBXFileReference; fileEncoding = 4; lastKnownFileType = sourcecode.c.objc; path = HexDumpUtility.m; sourceTree = "<group>"; };
		6B75F81811A4094100B9D841 /* HTTPAuthenticationRequest.h */ = {isa = PBXFileReference; fileEncoding = 4; lastKnownFileType = sourcecode.c.h; path = HTTPAuthenticationRequest.h; sourceTree = "<group>"; };
		6B75F81911A4094100B9D841 /* HTTPAuthenticationRequest.m */ = {isa = PBXFileReference; fileEncoding = 4; lastKnownFileType = sourcecode.c.objc; path = HTTPAuthenticationRequest.m; sourceTree = "<group>"; };
		6B75F81A11A4094100B9D841 /* HTTPConnection.h */ = {isa = PBXFileReference; fileEncoding = 4; lastKnownFileType = sourcecode.c.h; path = HTTPConnection.h; sourceTree = "<group>"; };
		6B75F81B11A4094100B9D841 /* HTTPConnection.m */ = {isa = PBXFileReference; fileEncoding = 4; lastKnownFileType = sourcecode.c.objc; path = HTTPConnection.m; sourceTree = "<group>"; };
		6B75F81C11A4094100B9D841 /* HTTPResponse.h */ = {isa = PBXFileReference; fileEncoding = 4; lastKnownFileType = sourcecode.c.h; path = HTTPResponse.h; sourceTree = "<group>"; };
		6B75F81D11A4094100B9D841 /* HTTPResponse.m */ = {isa = PBXFileReference; fileEncoding = 4; lastKnownFileType = sourcecode.c.objc; path = HTTPResponse.m; sourceTree = "<group>"; };
		6B75F81E11A4094100B9D841 /* HTTPServer.h */ = {isa = PBXFileReference; fileEncoding = 4; lastKnownFileType = sourcecode.c.h; path = HTTPServer.h; sourceTree = "<group>"; };
		6B75F81F11A4094100B9D841 /* HTTPServer.m */ = {isa = PBXFileReference; fileEncoding = 4; lastKnownFileType = sourcecode.c.objc; path = HTTPServer.m; sourceTree = "<group>"; };
		6B75F82011A4094100B9D841 /* MyHTTPConnection.h */ = {isa = PBXFileReference; fileEncoding = 4; lastKnownFileType = sourcecode.c.h; path = MyHTTPConnection.h; sourceTree = "<group>"; };
		6B75F82111A4094100B9D841 /* MyHTTPConnection.m */ = {isa = PBXFileReference; fileEncoding = 4; lastKnownFileType = sourcecode.c.objc; path = MyHTTPConnection.m; sourceTree = "<group>"; };
		6B75F82211A4094100B9D841 /* RemoteSpeaker.h */ = {isa = PBXFileReference; fileEncoding = 4; lastKnownFileType = sourcecode.c.h; path = RemoteSpeaker.h; sourceTree = "<group>"; };
		6B75F82311A4094100B9D841 /* RemoteSpeaker.m */ = {isa = PBXFileReference; fileEncoding = 4; lastKnownFileType = sourcecode.c.objc; path = RemoteSpeaker.m; sourceTree = "<group>"; };
		6B75F84811A40B1A00B9D841 /* CFNetwork.framework */ = {isa = PBXFileReference; lastKnownFileType = wrapper.framework; name = CFNetwork.framework; path = System/Library/Frameworks/CFNetwork.framework; sourceTree = SDKROOT; };
		6B75F8C911A411B100B9D841 /* icon.png */ = {isa = PBXFileReference; lastKnownFileType = image.png; path = icon.png; sourceTree = "<group>"; };
		6B7D940411A998C7002465AA /* SessionManager.h */ = {isa = PBXFileReference; fileEncoding = 4; lastKnownFileType = sourcecode.c.h; path = SessionManager.h; sourceTree = "<group>"; };
		6B7D940511A998C7002465AA /* SessionManager.m */ = {isa = PBXFileReference; fileEncoding = 4; lastKnownFileType = sourcecode.c.objc; path = SessionManager.m; sourceTree = "<group>"; };
		6B7D953F11A9D2A0002465AA /* DAAPResponseadbs.h */ = {isa = PBXFileReference; fileEncoding = 4; lastKnownFileType = sourcecode.c.h; path = DAAPResponseadbs.h; sourceTree = "<group>"; };
		6B7D954011A9D2A0002465AA /* DAAPResponseadbs.m */ = {isa = PBXFileReference; fileEncoding = 4; lastKnownFileType = sourcecode.c.objc; path = DAAPResponseadbs.m; sourceTree = "<group>"; };
		6BA2F9F811A4E63B00427C2F /* LibrariesViewController.h */ = {isa = PBXFileReference; fileEncoding = 4; lastKnownFileType = sourcecode.c.h; path = LibrariesViewController.h; sourceTree = "<group>"; };
		6BA2F9F911A4E63B00427C2F /* LibrariesViewController.m */ = {isa = PBXFileReference; fileEncoding = 4; lastKnownFileType = sourcecode.c.objc; path = LibrariesViewController.m; sourceTree = "<group>"; };
		6BA2F9FA11A4E63B00427C2F /* LibrariesViewController.xib */ = {isa = PBXFileReference; lastKnownFileType = file.xib; path = LibrariesViewController.xib; sourceTree = "<group>"; };
		6BA2FAEA11A513CF00427C2F /* PinCodeController.h */ = {isa = PBXFileReference; fileEncoding = 4; lastKnownFileType = sourcecode.c.h; path = PinCodeController.h; sourceTree = "<group>"; };
		6BA2FAEB11A513CF00427C2F /* PinCodeController.m */ = {isa = PBXFileReference; fileEncoding = 4; lastKnownFileType = sourcecode.c.objc; path = PinCodeController.m; sourceTree = "<group>"; };
		6BA2FAEC11A513CF00427C2F /* PinCodeController.xib */ = {isa = PBXFileReference; lastKnownFileType = file.xib; path = PinCodeController.xib; sourceTree = "<group>"; };
		6BCDA5A811B7A19800A3ED01 /* DAAPResponsemupd.h */ = {isa = PBXFileReference; fileEncoding = 4; lastKnownFileType = sourcecode.c.h; path = DAAPResponsemupd.h; sourceTree = "<group>"; };
		6BCDA5A911B7A19800A3ED01 /* DAAPResponsemupd.m */ = {isa = PBXFileReference; fileEncoding = 4; lastKnownFileType = sourcecode.c.objc; path = DAAPResponsemupd.m; sourceTree = "<group>"; };
		6BCDA62F11B7B84A00A3ED01 /* DAAPResponsecmgt.h */ = {isa = PBXFileReference; fileEncoding = 4; lastKnownFileType = sourcecode.c.h; path = DAAPResponsecmgt.h; sourceTree = "<group>"; };
		6BCDA63011B7B84A00A3ED01 /* DAAPResponsecmgt.m */ = {isa = PBXFileReference; fileEncoding = 4; lastKnownFileType = sourcecode.c.objc; path = DAAPResponsecmgt.m; sourceTree = "<group>"; };
		6BE275EF11AB948600F1F600 /* FDServer.h */ = {isa = PBXFileReference; fileEncoding = 4; lastKnownFileType = sourcecode.c.h; path = FDServer.h; sourceTree = "<group>"; };
		6BE275F011AB948600F1F600 /* FDServer.m */ = {isa = PBXFileReference; fileEncoding = 4; lastKnownFileType = sourcecode.c.objc; path = FDServer.m; sourceTree = "<group>"; };
		6BE2765A11ABA40100F1F600 /* DAAPResponsemccr.h */ = {isa = PBXFileReference; fileEncoding = 4; lastKnownFileType = sourcecode.c.h; path = DAAPResponsemccr.h; sourceTree = "<group>"; };
		6BE2765B11ABA40100F1F600 /* DAAPResponsemccr.m */ = {isa = PBXFileReference; fileEncoding = 4; lastKnownFileType = sourcecode.c.objc; path = DAAPResponsemccr.m; sourceTree = "<group>"; };
		6BEA820711ABD04500426E9E /* DAAPResponseapso.h */ = {isa = PBXFileReference; fileEncoding = 4; lastKnownFileType = sourcecode.c.h; path = DAAPResponseapso.h; sourceTree = "<group>"; };
		6BEA820811ABD04500426E9E /* DAAPResponseapso.m */ = {isa = PBXFileReference; fileEncoding = 4; lastKnownFileType = sourcecode.c.objc; path = DAAPResponseapso.m; sourceTree = "<group>"; };
		8D1107310486CEB800E47090 /* RemoteHD-Info.plist */ = {isa = PBXFileReference; fileEncoding = 4; lastKnownFileType = text.plist.xml; path = "RemoteHD-Info.plist"; plistStructureDefinitionIdentifier = "com.apple.xcode.plist.structure-definition.iphone.info-plist"; sourceTree = "<group>"; };
/* End PBXFileReference section */

/* Begin PBXFrameworksBuildPhase section */
		1D60588F0D05DD3D006BFB54 /* Frameworks */ = {
			isa = PBXFrameworksBuildPhase;
			buildActionMask = 2147483647;
			files = (
				1D60589F0D05DD5A006BFB54 /* Foundation.framework in Frameworks */,
				1DF5F4E00D08C38300B7A737 /* UIKit.framework in Frameworks */,
				288765A50DF7441C002DB57D /* CoreGraphics.framework in Frameworks */,
				6B75F84911A40B1A00B9D841 /* CFNetwork.framework in Frameworks */,
			);
			runOnlyForDeploymentPostprocessing = 0;
		};
/* End PBXFrameworksBuildPhase section */

/* Begin PBXGroup section */
		080E96DDFE201D6D7F000001 /* Classes */ = {
			isa = PBXGroup;
			children = (
				6B43AD9411A95C6C00DBD74E /* SynthesizeSingleton.h */,
				6B75F7ED11A408EE00B9D841 /* DAAP */,
				1D3623240D0F684500981E51 /* RemoteHDAppDelegate.h */,
				1D3623250D0F684500981E51 /* RemoteHDAppDelegate.m */,
				28D7ACF60DDB3853001CB0EB /* RemoteHDViewController.h */,
				28D7ACF70DDB3853001CB0EB /* RemoteHDViewController.m */,
				6B75F7AF11A4063300B9D841 /* MasterViewController.h */,
				6B75F7B011A4063300B9D841 /* MasterViewController.m */,
				6B75F7B211A406B500B9D841 /* DetailViewController.h */,
				6B75F7B311A406B500B9D841 /* DetailViewController.m */,
				6BA2F9F811A4E63B00427C2F /* LibrariesViewController.h */,
				6BA2F9F911A4E63B00427C2F /* LibrariesViewController.m */,
				6BA2F9FA11A4E63B00427C2F /* LibrariesViewController.xib */,
				6BA2FAEA11A513CF00427C2F /* PinCodeController.h */,
				6BA2FAEB11A513CF00427C2F /* PinCodeController.m */,
				6BA2FAEC11A513CF00427C2F /* PinCodeController.xib */,
				6B35D77811A7BACE00BC846C /* Library.h */,
				6B35D77911A7BACE00BC846C /* Library.m */,
				6B43AD9511A95C8500DBD74E /* PreferencesManager.h */,
				6B43AD9611A95C8500DBD74E /* PreferencesManager.m */,
				6B7D940411A998C7002465AA /* SessionManager.h */,
				6B7D940511A998C7002465AA /* SessionManager.m */,
				6BE275EF11AB948600F1F600 /* FDServer.h */,
				6BE275F011AB948600F1F600 /* FDServer.m */,
				6B008C7011B31194008E2012 /* AsyncImageView.h */,
				6B008C7111B31194008E2012 /* AsyncImageView.m */,
			);
			path = Classes;
			sourceTree = "<group>";
		};
		19C28FACFE9D520D11CA2CBB /* Products */ = {
			isa = PBXGroup;
			children = (
				1D6058910D05DD3D006BFB54 /* RemoteHD.app */,
			);
			name = Products;
			sourceTree = "<group>";
		};
		29B97314FDCFA39411CA2CEA /* CustomTemplate */ = {
			isa = PBXGroup;
			children = (
				080E96DDFE201D6D7F000001 /* Classes */,
				29B97315FDCFA39411CA2CEA /* Other Sources */,
				29B97317FDCFA39411CA2CEA /* Resources */,
				29B97323FDCFA39411CA2CEA /* Frameworks */,
				19C28FACFE9D520D11CA2CBB /* Products */,
			);
			name = CustomTemplate;
			sourceTree = "<group>";
		};
		29B97315FDCFA39411CA2CEA /* Other Sources */ = {
			isa = PBXGroup;
			children = (
				32CA4F630368D1EE00C91783 /* RemoteHD_Prefix.pch */,
				29B97316FDCFA39411CA2CEA /* main.m */,
			);
			name = "Other Sources";
			sourceTree = "<group>";
		};
		29B97317FDCFA39411CA2CEA /* Resources */ = {
			isa = PBXGroup;
			children = (
				6B75F8C911A411B100B9D841 /* icon.png */,
				2899E5210DE3E06400AC0155 /* RemoteHDViewController.xib */,
				28AD733E0D9D9553002E5188 /* MainWindow.xib */,
				8D1107310486CEB800E47090 /* RemoteHD-Info.plist */,
			);
			name = Resources;
			sourceTree = "<group>";
		};
		29B97323FDCFA39411CA2CEA /* Frameworks */ = {
			isa = PBXGroup;
			children = (
				1DF5F4DF0D08C38300B7A737 /* UIKit.framework */,
				1D30AB110D05D00D00671497 /* Foundation.framework */,
				288765A40DF7441C002DB57D /* CoreGraphics.framework */,
				6B75F84811A40B1A00B9D841 /* CFNetwork.framework */,
			);
			name = Frameworks;
			sourceTree = "<group>";
		};
		6B75F7ED11A408EE00B9D841 /* DAAP */ = {
			isa = PBXGroup;
			children = (
				6B75F83B11A4097500B9D841 /* DAAPMessages */,
				6B75F7F711A4094100B9D841 /* DAAPRequestReply.h */,
				6B75F7F811A4094100B9D841 /* DAAPRequestReply.m */,
				6B75F81611A4094100B9D841 /* HexDumpUtility.h */,
				6B75F81711A4094100B9D841 /* HexDumpUtility.m */,
				6B75F82211A4094100B9D841 /* RemoteSpeaker.h */,
				6B75F82311A4094100B9D841 /* RemoteSpeaker.m */,
				6B75F7EE11A4090200B9D841 /* HTTP */,
			);
			name = DAAP;
			sourceTree = "<group>";
		};
		6B75F7EE11A4090200B9D841 /* HTTP */ = {
			isa = PBXGroup;
			children = (
				6B75F81811A4094100B9D841 /* HTTPAuthenticationRequest.h */,
				6B75F81911A4094100B9D841 /* HTTPAuthenticationRequest.m */,
				6B75F81A11A4094100B9D841 /* HTTPConnection.h */,
				6B75F81B11A4094100B9D841 /* HTTPConnection.m */,
				6B75F81C11A4094100B9D841 /* HTTPResponse.h */,
				6B75F81D11A4094100B9D841 /* HTTPResponse.m */,
				6B75F81E11A4094100B9D841 /* HTTPServer.h */,
				6B75F81F11A4094100B9D841 /* HTTPServer.m */,
				6B75F82011A4094100B9D841 /* MyHTTPConnection.h */,
				6B75F82111A4094100B9D841 /* MyHTTPConnection.m */,
				6B75F7EF11A4090900B9D841 /* TCP */,
				6B35D53311A71E6D00BC846C /* URLParser.h */,
				6B35D53411A71E6D00BC846C /* URLParser.m */,
			);
			name = HTTP;
			sourceTree = "<group>";
		};
		6B75F7EF11A4090900B9D841 /* TCP */ = {
			isa = PBXGroup;
			children = (
				6B75F7F511A4094100B9D841 /* AsyncSocket.h */,
				6B75F7F611A4094100B9D841 /* AsyncSocket.m */,
				6B75F80E11A4094100B9D841 /* DDData.h */,
				6B75F80F11A4094100B9D841 /* DDData.m */,
				6B75F81011A4094100B9D841 /* DDNumber.h */,
				6B75F81111A4094100B9D841 /* DDNumber.m */,
				6B75F81211A4094100B9D841 /* DDRange.h */,
				6B75F81311A4094100B9D841 /* DDRange.m */,
			);
			name = TCP;
			sourceTree = "<group>";
		};
		6B75F83B11A4097500B9D841 /* DAAPMessages */ = {
			isa = PBXGroup;
			children = (
				6B75F7F911A4094100B9D841 /* DAAPResponse.h */,
				6B75F7FA11A4094100B9D841 /* DAAPResponse.m */,
				6B75F7FB11A4094100B9D841 /* DAAPResponseavdb.h */,
				6B75F7FC11A4094100B9D841 /* DAAPResponseavdb.m */,
				6B75F7FD11A4094100B9D841 /* DAAPResponsecasp.h */,
				6B75F7FE11A4094100B9D841 /* DAAPResponsecasp.m */,
				6B75F7FF11A4094100B9D841 /* DAAPResponsecmst.h */,
				6B75F80011A4094100B9D841 /* DAAPResponsecmst.m */,
				6B75F80111A4094100B9D841 /* DAAPResponseDelegate.h */,
				6B75F80211A4094100B9D841 /* DAAPResponsemdcl.h */,
				6B75F80311A4094100B9D841 /* DAAPResponsemdcl.m */,
				6B75F80411A4094100B9D841 /* DAAPResponsemlcl.h */,
				6B75F80511A4094100B9D841 /* DAAPResponsemlcl.m */,
				6B75F80611A4094100B9D841 /* DAAPResponsemlid.h */,
				6B75F80711A4094100B9D841 /* DAAPResponsemlid.m */,
				6B75F80811A4094100B9D841 /* DAAPResponsemlit.h */,
				6B75F80911A4094100B9D841 /* DAAPResponsemlit.m */,
				6B75F80A11A4094100B9D841 /* DAAPResponsemlog.h */,
				6B75F80B11A4094100B9D841 /* DAAPResponsemlog.m */,
				6B75F80C11A4094100B9D841 /* DAAPResponsemsrv.h */,
				6B75F80D11A4094100B9D841 /* DAAPResponsemsrv.m */,
				6B35D91711A8932100BC846C /* DAAPResponseaply.h */,
				6B35D91811A8932100BC846C /* DAAPResponseaply.m */,
				6B35D9C111A89A0600BC846C /* DAAPResponseabro.h */,
				6B35D9C211A89A0600BC846C /* DAAPResponseabro.m */,
				6B35D9D211A89A6D00BC846C /* DAAPResponseabar.h */,
				6B35D9D311A89A6D00BC846C /* DAAPResponseabar.m */,
				6B7D953F11A9D2A0002465AA /* DAAPResponseadbs.h */,
				6B7D954011A9D2A0002465AA /* DAAPResponseadbs.m */,
				6BE2765A11ABA40100F1F600 /* DAAPResponsemccr.h */,
				6BE2765B11ABA40100F1F600 /* DAAPResponsemccr.m */,
				6BEA820711ABD04500426E9E /* DAAPResponseapso.h */,
				6BEA820811ABD04500426E9E /* DAAPResponseapso.m */,
				6BCDA5A811B7A19800A3ED01 /* DAAPResponsemupd.h */,
				6BCDA5A911B7A19800A3ED01 /* DAAPResponsemupd.m */,
				6BCDA62F11B7B84A00A3ED01 /* DAAPResponsecmgt.h */,
				6BCDA63011B7B84A00A3ED01 /* DAAPResponsecmgt.m */,
			);
			name = DAAPMessages;
			sourceTree = "<group>";
		};
/* End PBXGroup section */

/* Begin PBXNativeTarget section */
		1D6058900D05DD3D006BFB54 /* RemoteHD */ = {
			isa = PBXNativeTarget;
			buildConfigurationList = 1D6058960D05DD3E006BFB54 /* Build configuration list for PBXNativeTarget "RemoteHD" */;
			buildPhases = (
				1D60588D0D05DD3D006BFB54 /* Resources */,
				1D60588E0D05DD3D006BFB54 /* Sources */,
				1D60588F0D05DD3D006BFB54 /* Frameworks */,
			);
			buildRules = (
			);
			dependencies = (
			);
			name = RemoteHD;
			productName = RemoteHD;
			productReference = 1D6058910D05DD3D006BFB54 /* RemoteHD.app */;
			productType = "com.apple.product-type.application";
		};
/* End PBXNativeTarget section */

/* Begin PBXProject section */
		29B97313FDCFA39411CA2CEA /* Project object */ = {
			isa = PBXProject;
			buildConfigurationList = C01FCF4E08A954540054247B /* Build configuration list for PBXProject "RemoteHD" */;
			compatibilityVersion = "Xcode 3.1";
			hasScannedForEncodings = 1;
			mainGroup = 29B97314FDCFA39411CA2CEA /* CustomTemplate */;
			projectDirPath = "";
			projectRoot = "";
			targets = (
				1D6058900D05DD3D006BFB54 /* RemoteHD */,
			);
		};
/* End PBXProject section */

/* Begin PBXResourcesBuildPhase section */
		1D60588D0D05DD3D006BFB54 /* Resources */ = {
			isa = PBXResourcesBuildPhase;
			buildActionMask = 2147483647;
			files = (
				28AD733F0D9D9553002E5188 /* MainWindow.xib in Resources */,
				2899E5220DE3E06400AC0155 /* RemoteHDViewController.xib in Resources */,
				6B75F8CA11A411B100B9D841 /* icon.png in Resources */,
				6BA2F9FC11A4E63B00427C2F /* LibrariesViewController.xib in Resources */,
				6BA2FAEE11A513CF00427C2F /* PinCodeController.xib in Resources */,
			);
			runOnlyForDeploymentPostprocessing = 0;
		};
/* End PBXResourcesBuildPhase section */

/* Begin PBXSourcesBuildPhase section */
		1D60588E0D05DD3D006BFB54 /* Sources */ = {
			isa = PBXSourcesBuildPhase;
			buildActionMask = 2147483647;
			files = (
				1D60589B0D05DD56006BFB54 /* main.m in Sources */,
				1D3623260D0F684500981E51 /* RemoteHDAppDelegate.m in Sources */,
				28D7ACF80DDB3853001CB0EB /* RemoteHDViewController.m in Sources */,
				6B75F7B111A4063300B9D841 /* MasterViewController.m in Sources */,
				6B75F7B411A406B500B9D841 /* DetailViewController.m in Sources */,
				6B75F82411A4094100B9D841 /* AsyncSocket.m in Sources */,
				6B75F82511A4094100B9D841 /* DAAPRequestReply.m in Sources */,
				6B75F82611A4094100B9D841 /* DAAPResponse.m in Sources */,
				6B75F82711A4094100B9D841 /* DAAPResponseavdb.m in Sources */,
				6B75F82811A4094100B9D841 /* DAAPResponsecasp.m in Sources */,
				6B75F82911A4094100B9D841 /* DAAPResponsecmst.m in Sources */,
				6B75F82A11A4094100B9D841 /* DAAPResponsemdcl.m in Sources */,
				6B75F82B11A4094100B9D841 /* DAAPResponsemlcl.m in Sources */,
				6B75F82C11A4094100B9D841 /* DAAPResponsemlid.m in Sources */,
				6B75F82D11A4094100B9D841 /* DAAPResponsemlit.m in Sources */,
				6B75F82E11A4094100B9D841 /* DAAPResponsemlog.m in Sources */,
				6B75F82F11A4094100B9D841 /* DAAPResponsemsrv.m in Sources */,
				6B75F83011A4094100B9D841 /* DDData.m in Sources */,
				6B75F83111A4094100B9D841 /* DDNumber.m in Sources */,
				6B75F83211A4094100B9D841 /* DDRange.m in Sources */,
				6B75F83411A4094100B9D841 /* HexDumpUtility.m in Sources */,
				6B75F83511A4094100B9D841 /* HTTPAuthenticationRequest.m in Sources */,
				6B75F83611A4094100B9D841 /* HTTPConnection.m in Sources */,
				6B75F83711A4094100B9D841 /* HTTPResponse.m in Sources */,
				6B75F83811A4094100B9D841 /* HTTPServer.m in Sources */,
				6B75F83911A4094100B9D841 /* MyHTTPConnection.m in Sources */,
				6B75F83A11A4094100B9D841 /* RemoteSpeaker.m in Sources */,
				6BA2F9FB11A4E63B00427C2F /* LibrariesViewController.m in Sources */,
				6BA2FAED11A513CF00427C2F /* PinCodeController.m in Sources */,
				6B35D53511A71E6D00BC846C /* URLParser.m in Sources */,
				6B35D77A11A7BACE00BC846C /* Library.m in Sources */,
				6B35D91911A8932100BC846C /* DAAPResponseaply.m in Sources */,
				6B35D9C311A89A0600BC846C /* DAAPResponseabro.m in Sources */,
				6B35D9D411A89A6D00BC846C /* DAAPResponseabar.m in Sources */,
				6B43AD9711A95C8500DBD74E /* PreferencesManager.m in Sources */,
				6B7D940611A998C7002465AA /* SessionManager.m in Sources */,
				6B7D954111A9D2A0002465AA /* DAAPResponseadbs.m in Sources */,
				6BE275F111AB948600F1F600 /* FDServer.m in Sources */,
				6BE2765C11ABA40100F1F600 /* DAAPResponsemccr.m in Sources */,
				6BEA820911ABD04500426E9E /* DAAPResponseapso.m in Sources */,
				6B008C7211B31194008E2012 /* AsyncImageView.m in Sources */,
				6BCDA5AA11B7A19800A3ED01 /* DAAPResponsemupd.m in Sources */,
				6BCDA63111B7B84A00A3ED01 /* DAAPResponsecmgt.m in Sources */,
			);
			runOnlyForDeploymentPostprocessing = 0;
		};
/* End PBXSourcesBuildPhase section */

/* Begin XCBuildConfiguration section */
		1D6058940D05DD3E006BFB54 /* Debug */ = {
			isa = XCBuildConfiguration;
			buildSettings = {
				ALWAYS_SEARCH_USER_PATHS = NO;
				COPY_PHASE_STRIP = NO;
				GCC_DYNAMIC_NO_PIC = NO;
				GCC_OPTIMIZATION_LEVEL = 0;
				GCC_PRECOMPILE_PREFIX_HEADER = YES;
				GCC_PREFIX_HEADER = RemoteHD_Prefix.pch;
				INFOPLIST_FILE = "RemoteHD-Info.plist";
				PRODUCT_NAME = RemoteHD;
			};
			name = Debug;
		};
		1D6058950D05DD3E006BFB54 /* Release */ = {
			isa = XCBuildConfiguration;
			buildSettings = {
				ALWAYS_SEARCH_USER_PATHS = NO;
				COPY_PHASE_STRIP = YES;
				GCC_PRECOMPILE_PREFIX_HEADER = YES;
				GCC_PREFIX_HEADER = RemoteHD_Prefix.pch;
				INFOPLIST_FILE = "RemoteHD-Info.plist";
				PRODUCT_NAME = RemoteHD;
				VALIDATE_PRODUCT = YES;
			};
			name = Release;
		};
		6B7D977C11A9F188002465AA /* Distribution */ = {
			isa = XCBuildConfiguration;
			buildSettings = {
				"ARCHS[sdk=iphoneos*]" = armv7;
				"ARCHS[sdk=iphonesimulator*]" = i386;
				"CODE_SIGN_IDENTITY[sdk=iphoneos*]" = "iPhone Developer";
				GCC_C_LANGUAGE_STANDARD = c99;
				GCC_WARN_ABOUT_RETURN_TYPE = YES;
				GCC_WARN_UNUSED_VARIABLE = YES;
				OTHER_CFLAGS = "-DNS_BLOCK_ASSERTIONS=1";
				PREBINDING = NO;
				SDKROOT = iphoneos3.2;
				TARGETED_DEVICE_FAMILY = 2;
			};
			name = Distribution;
		};
		6B7D977D11A9F188002465AA /* Distribution */ = {
			isa = XCBuildConfiguration;
			buildSettings = {
				ALWAYS_SEARCH_USER_PATHS = NO;
				"CODE_SIGN_IDENTITY[sdk=iphoneos*]" = "iPhone Distribution";
				COPY_PHASE_STRIP = YES;
				GCC_PRECOMPILE_PREFIX_HEADER = YES;
				GCC_PREFIX_HEADER = RemoteHD_Prefix.pch;
				INFOPLIST_FILE = "RemoteHD-Info.plist";
				PRODUCT_NAME = RemoteHD;
				"PROVISIONING_PROFILE[sdk=iphoneos*]" = "";
				VALIDATE_PRODUCT = YES;
			};
			name = Distribution;
		};
		C01FCF4F08A954540054247B /* Debug */ = {
			isa = XCBuildConfiguration;
			buildSettings = {
				"ARCHS[sdk=iphoneos*]" = armv7;
				"ARCHS[sdk=iphonesimulator*]" = i386;
				"CODE_SIGN_IDENTITY[sdk=iphoneos*]" = "iPhone Developer";
				GCC_C_LANGUAGE_STANDARD = c99;
				GCC_WARN_ABOUT_RETURN_TYPE = YES;
				GCC_WARN_UNUSED_VARIABLE = YES;
				PREBINDING = NO;
				SDKROOT = iphoneos3.2;
				TARGETED_DEVICE_FAMILY = 2;
			};
			name = Debug;
		};
		C01FCF5008A954540054247B /* Release */ = {
			isa = XCBuildConfiguration;
			buildSettings = {
				"ARCHS[sdk=iphoneos*]" = armv7;
				"ARCHS[sdk=iphonesimulator*]" = i386;
				"CODE_SIGN_IDENTITY[sdk=iphoneos*]" = "iPhone Developer";
				GCC_C_LANGUAGE_STANDARD = c99;
				GCC_WARN_ABOUT_RETURN_TYPE = YES;
				GCC_WARN_UNUSED_VARIABLE = YES;
				OTHER_CFLAGS = "-DNS_BLOCK_ASSERTIONS=1";
				PREBINDING = NO;
				SDKROOT = iphoneos3.2;
				TARGETED_DEVICE_FAMILY = 2;
			};
			name = Release;
		};
/* End XCBuildConfiguration section */

/* Begin XCConfigurationList section */
		1D6058960D05DD3E006BFB54 /* Build configuration list for PBXNativeTarget "RemoteHD" */ = {
			isa = XCConfigurationList;
			buildConfigurations = (
				1D6058940D05DD3E006BFB54 /* Debug */,
				1D6058950D05DD3E006BFB54 /* Release */,
				6B7D977D11A9F188002465AA /* Distribution */,
			);
			defaultConfigurationIsVisible = 0;
			defaultConfigurationName = Release;
		};
		C01FCF4E08A954540054247B /* Build configuration list for PBXProject "RemoteHD" */ = {
			isa = XCConfigurationList;
			buildConfigurations = (
				C01FCF4F08A954540054247B /* Debug */,
				C01FCF5008A954540054247B /* Release */,
				6B7D977C11A9F188002465AA /* Distribution */,
			);
			defaultConfigurationIsVisible = 0;
			defaultConfigurationName = Release;
		};
/* End XCConfigurationList section */
	};
	rootObject = 29B97313FDCFA39411CA2CEA /* Project object */;
}
